
Microsoft Visual Studio Solution File, Format Version 12.00
# Visual Studio Version 17
VisualStudioVersion = 17.4.33103.184
MinimumVisualStudioVersion = 10.0.40219.1
Project("{9A19103F-16F7-4668-BE54-9A1E7A4F7556}") = "Employee_Api", "Employee_Api\Employee_Api.csproj", "{4F20B37B-889F-4999-8156-0BE2C1AF64B4}"
EndProject
Project("{FAE04EC0-301F-11D3-BF4B-00C04F79EFBC}") = "Employees_Test", "Employees_Test\Employees_Test.csproj", "{E4DE4050-BEBF-444C-BD50-A6B7837C6395}"
EndProject
Global
	GlobalSection(SolutionConfigurationPlatforms) = preSolution
		Debug|Any CPU = Debug|Any CPU
		Release|Any CPU = Release|Any CPU
	EndGlobalSection
	GlobalSection(ProjectConfigurationPlatforms) = postSolution
		{4F20B37B-889F-4999-8156-0BE2C1AF64B4}.Debug|Any CPU.ActiveCfg = Debug|Any CPU
		{4F20B37B-889F-4999-8156-0BE2C1AF64B4}.Debug|Any CPU.Build.0 = Debug|Any CPU
		{4F20B37B-889F-4999-8156-0BE2C1AF64B4}.Release|Any CPU.ActiveCfg = Release|Any CPU
		{4F20B37B-889F-4999-8156-0BE2C1AF64B4}.Release|Any CPU.Build.0 = Release|Any CPU
		{E4DE4050-BEBF-444C-BD50-A6B7837C6395}.Debug|Any CPU.ActiveCfg = Debug|Any CPU
		{E4DE4050-BEBF-444C-BD50-A6B7837C6395}.Debug|Any CPU.Build.0 = Debug|Any CPU
		{E4DE4050-BEBF-444C-BD50-A6B7837C6395}.Release|Any CPU.ActiveCfg = Release|Any CPU
		{E4DE4050-BEBF-444C-BD50-A6B7837C6395}.Release|Any CPU.Build.0 = Release|Any CPU
	EndGlobalSection
	GlobalSection(SolutionProperties) = preSolution
		HideSolutionNode = FALSE
	EndGlobalSection
	GlobalSection(ExtensibilityGlobals) = postSolution
		SolutionGuid = {C0FC7140-E8B7-411C-8183-202EC28BEF4F}
	EndGlobalSection
EndGlobal
